{
  "name": "Coliving-project",
  "lockfileVersion": 3,
  "requires": true,
  "packages": {
    "": {
      "dependencies": {
        "@fontsource/open-sans": "^4.5.13"
      }
    },
    "node_modules/@fontsource/open-sans": {
      "version": "4.5.13",
      "resolved": "https://registry.npmjs.org/@fontsource/open-sans/-/open-sans-4.5.13.tgz",
      "integrity": "sha512-/UzqP7ZFk145XAq8KG4pvFPP7UQhtreDGXgqXZjagCDreKxcrhwn/x7DYz9rPcycWkLUVApIybcoczGZiM0cRg=="
    }
  }
}
